// !$*UTF8*$!
{
	archiveVersion = 1;
	classes = {
	};
	objectVersion = 46;
	objects = {

/* Begin PBXBuildFile section */
		657F55341CF3F25900799B80 /* AppDelegate.swift in Sources */ = {isa = PBXBuildFile; fileRef = 657F55331CF3F25900799B80 /* AppDelegate.swift */; };
		657F55391CF3F25900799B80 /* Main.storyboard in Resources */ = {isa = PBXBuildFile; fileRef = 657F55371CF3F25900799B80 /* Main.storyboard */; };
		657F553B1CF3F25900799B80 /* Assets.xcassets in Resources */ = {isa = PBXBuildFile; fileRef = 657F553A1CF3F25900799B80 /* Assets.xcassets */; };
		657F553E1CF3F25900799B80 /* LaunchScreen.storyboard in Resources */ = {isa = PBXBuildFile; fileRef = 657F553C1CF3F25900799B80 /* LaunchScreen.storyboard */; };
		657F55461CF3F28000799B80 /* PlaylistViewController.swift in Sources */ = {isa = PBXBuildFile; fileRef = 657F55451CF3F28000799B80 /* PlaylistViewController.swift */; };
		657F55481CF410B400799B80 /* GEazysLibrary.swift in Sources */ = {isa = PBXBuildFile; fileRef = 657F55471CF410B400799B80 /* GEazysLibrary.swift */; };
		657F554C1CF68F3500799B80 /* Album.swift in Sources */ = {isa = PBXBuildFile; fileRef = 657F554B1CF68F3500799B80 /* Album.swift */; };
		657F554E1CF698A200799B80 /* AlbumViewController.swift in Sources */ = {isa = PBXBuildFile; fileRef = 657F554D1CF698A200799B80 /* AlbumViewController.swift */; };
/* End PBXBuildFile section */

/* Begin PBXFileReference section */
		657F55301CF3F25900799B80 /* G Eazy Playlist.app */ = {isa = PBXFileReference; explicitFileType = wrapper.application; includeInIndex = 0; path = "G Eazy Playlist.app"; sourceTree = BUILT_PRODUCTS_DIR; };
		657F55331CF3F25900799B80 /* AppDelegate.swift */ = {isa = PBXFileReference; lastKnownFileType = sourcecode.swift; path = AppDelegate.swift; sourceTree = "<group>"; };
		657F55381CF3F25900799B80 /* Base */ = {isa = PBXFileReference; lastKnownFileType = file.storyboard; name = Base; path = Base.lproj/Main.storyboard; sourceTree = "<group>"; };
		657F553A1CF3F25900799B80 /* Assets.xcassets */ = {isa = PBXFileReference; lastKnownFileType = folder.assetcatalog; path = Assets.xcassets; sourceTree = "<group>"; };
		657F553D1CF3F25900799B80 /* Base */ = {isa = PBXFileReference; lastKnownFileType = file.storyboard; name = Base; path = Base.lproj/LaunchScreen.storyboard; sourceTree = "<group>"; };
		657F553F1CF3F25900799B80 /* Info.plist */ = {isa = PBXFileReference; lastKnownFileType = text.plist.xml; path = Info.plist; sourceTree = "<group>"; };
		657F55451CF3F28000799B80 /* PlaylistViewController.swift */ = {isa = PBXFileReference; fileEncoding = 4; lastKnownFileType = sourcecode.swift; path = PlaylistViewController.swift; sourceTree = "<group>"; };
		657F55471CF410B400799B80 /* GEazysLibrary.swift */ = {isa = PBXFileReference; fileEncoding = 4; lastKnownFileType = sourcecode.swift; path = GEazysLibrary.swift; sourceTree = "<group>"; };
		657F554B1CF68F3500799B80 /* Album.swift */ = {isa = PBXFileReference; fileEncoding = 4; lastKnownFileType = sourcecode.swift; path = Album.swift; sourceTree = "<group>"; };
		657F554D1CF698A200799B80 /* AlbumViewController.swift */ = {isa = PBXFileReference; fileEncoding = 4; lastKnownFileType = sourcecode.swift; path = AlbumViewController.swift; sourceTree = "<group>"; };
/* End PBXFileReference section */

/* Begin PBXFrameworksBuildPhase section */
		657F552D1CF3F25900799B80 /* Frameworks */ = {
			isa = PBXFrameworksBuildPhase;
			buildActionMask = 2147483647;
			files = (
			);
			runOnlyForDeploymentPostprocessing = 0;
		};
/* End PBXFrameworksBuildPhase section */

/* Begin PBXGroup section */
		657F55271CF3F25900799B80 = {
			isa = PBXGroup;
			children = (
				657F55321CF3F25900799B80 /* G Eazy Playlist */,
				657F55311CF3F25900799B80 /* Products */,
			);
			sourceTree = "<group>";
		};
		657F55311CF3F25900799B80 /* Products */ = {
			isa = PBXGroup;
			children = (
				657F55301CF3F25900799B80 /* G Eazy Playlist.app */,
			);
			name = Products;
			sourceTree = "<group>";
		};
		657F55321CF3F25900799B80 /* G Eazy Playlist */ = {
			isa = PBXGroup;
			children = (
				657F55331CF3F25900799B80 /* AppDelegate.swift */,
				657F554A1CF410CF00799B80 /* Controller */,
				657F55491CF410C900799B80 /* Model */,
				657F55371CF3F25900799B80 /* Main.storyboard */,
				657F553A1CF3F25900799B80 /* Assets.xcassets */,
				657F553C1CF3F25900799B80 /* LaunchScreen.storyboard */,
				657F553F1CF3F25900799B80 /* Info.plist */,
			);
			path = "G Eazy Playlist";
			sourceTree = "<group>";
		};
		657F55491CF410C900799B80 /* Model */ = {
			isa = PBXGroup;
			children = (
				657F55471CF410B400799B80 /* GEazysLibrary.swift */,
				657F554B1CF68F3500799B80 /* Album.swift */,
			);
			name = Model;
			sourceTree = "<group>";
		};
		657F554A1CF410CF00799B80 /* Controller */ = {
			isa = PBXGroup;
			children = (
				657F55451CF3F28000799B80 /* PlaylistViewController.swift */,
				657F554D1CF698A200799B80 /* AlbumViewController.swift */,
			);
			name = Controller;
			sourceTree = "<group>";
		};
/* End PBXGroup section */

/* Begin PBXNativeTarget section */
		657F552F1CF3F25900799B80 /* G Eazy Playlist */ = {
			isa = PBXNativeTarget;
			buildConfigurationList = 657F55421CF3F25900799B80 /* Build configuration list for PBXNativeTarget "G Eazy Playlist" */;
			buildPhases = (
				657F552C1CF3F25900799B80 /* Sources */,
				657F552D1CF3F25900799B80 /* Frameworks */,
				657F552E1CF3F25900799B80 /* Resources */,
			);
			buildRules = (
			);
			dependencies = (
			);
			name = "G Eazy Playlist";
			productName = "G Eazy Playlist";
			productReference = 657F55301CF3F25900799B80 /* G Eazy Playlist.app */;
			productType = "com.apple.product-type.application";
		};
/* End PBXNativeTarget section */

/* Begin PBXProject section */
		657F55281CF3F25900799B80 /* Project object */ = {
			isa = PBXProject;
			attributes = {
				LastSwiftUpdateCheck = 0730;
				LastUpgradeCheck = 0730;
				ORGANIZATIONNAME = "Mamadou Kaba";
				TargetAttributes = {
					657F552F1CF3F25900799B80 = {
						CreatedOnToolsVersion = 7.3.1;
					};
				};
			};
			buildConfigurationList = 657F552B1CF3F25900799B80 /* Build configuration list for PBXProject "G Eazy Playlist" */;
			compatibilityVersion = "Xcode 3.2";
			developmentRegion = English;
			hasScannedForEncodings = 0;
			knownRegions = (
				en,
				Base,
			);
			mainGroup = 657F55271CF3F25900799B80;
			productRefGroup = 657F55311CF3F25900799B80 /* Products */;
			projectDirPath = "";
			projectRoot = "";
			targets = (
				657F552F1CF3F25900799B80 /* G Eazy Playlist */,
			);
		};
/* End PBXProject section */

/* Begin PBXResourcesBuildPhase section */
		657F552E1CF3F25900799B80 /* Resources */ = {
			isa = PBXResourcesBuildPhase;
			buildActionMask = 2147483647;
			files = (
				657F553E1CF3F25900799B80 /* LaunchScreen.storyboard in Resources */,
				657F553B1CF3F25900799B80 /* Assets.xcassets in Resources */,
				657F55391CF3F25900799B80 /* Main.storyboard in Resources */,
			);
			runOnlyForDeploymentPostprocessing = 0;
		};
/* End PBXResourcesBuildPhase section */

/* Begin PBXSourcesBuildPhase section */
		657F552C1CF3F25900799B80 /* Sources */ = {
			isa = PBXSourcesBuildPhase;
			buildActionMask = 2147483647;
			files = (
				657F55461CF3F28000799B80 /* PlaylistViewController.swift in Sources */,
				657F554E1CF698A200799B80 /* AlbumViewController.swift in Sources */,
				657F55341CF3F25900799B80 /* AppDelegate.swift in Sources */,
				657F55481CF410B400799B80 /* GEazysLibrary.swift in Sources */,
				657F554C1CF68F3500799B80 /* Album.swift in Sources */,
			);
			runOnlyForDeploymentPostprocessing = 0;
		};
/* End PBXSourcesBuildPhase section */

/* Begin PBXVariantGroup section */
		657F55371CF3F25900799B80 /* Main.storyboard */ = {
			isa = PBXVariantGroup;
			children = (
				657F55381CF3F25900799B80 /* Base */,
			);
			name = Main.storyboard;
			sourceTree = "<group>";
		};
		657F553C1CF3F25900799B80 /* LaunchScreen.storyboard */ = {
			isa = PBXVariantGroup;
			children = (
				657F553D1CF3F25900799B80 /* Base */,
			);
			name = LaunchScreen.storyboard;
			sourceTree = "<group>";
		};
/* End PBXVariantGroup section */

/* Begin XCBuildConfiguration section */
		657F55401CF3F25900799B80 /* Debug */ = {
			isa = XCBuildConfiguration;
			buildSettings = {
				ALWAYS_SEARCH_USER_PATHS = NO;
				CLANG_ANALYZER_NONNULL = YES;
				CLANG_CXX_LANGUAGE_STANDARD = "gnu++0x";
				CLANG_CXX_LIBRARY = "libc++";
				CLANG_ENABLE_MODULES = YES;
				CLANG_ENABLE_OBJC_ARC = YES;
				CLANG_WARN_BOOL_CONVERSION = YES;
				CLANG_WARN_CONSTANT_CONVERSION = YES;
				CLANG_WARN_DIRECT_OBJC_ISA_USAGE = YES_ERROR;
				CLANG_WARN_EMPTY_BODY = YES;
				CLANG_WARN_ENUM_CONVERSION = YES;
				CLANG_WARN_INT_CONVERSION = YES;
				CLANG_WARN_OBJC_ROOT_CLASS = YES_ERROR;
				CLANG_WARN_UNREACHABLE_CODE = YES;
				CLANG_WARN__DUPLICATE_METHOD_MATCH = YES;
				"CODE_SIGN_IDENTITY[sdk=iphoneos*]" = "iPhone Developer";
				COPY_PHASE_STRIP = NO;
				DEBUG_INFORMATION_FORMAT = dwarf;
				ENABLE_STRICT_OBJC_MSGSEND = YES;
				ENABLE_TESTABILITY = YES;
				GCC_C_LANGUAGE_STANDARD = gnu99;
				GCC_DYNAMIC_NO_PIC = NO;
				GCC_NO_COMMON_BLOCKS = YES;
				GCC_OPTIMIZATION_LEVEL = 0;
				GCC_PREPROCESSOR_DEFINITIONS = (
					"DEBUG=1",
					"$(inherited)",
				);
				GCC_WARN_64_TO_32_BIT_CONVERSION = YES;
				GCC_WARN_ABOUT_RETURN_TYPE = YES_ERROR;
				GCC_WARN_UNDECLARED_SELECTOR = YES;
				GCC_WARN_UNINITIALIZED_AUTOS = YES_AGGRESSIVE;
				GCC_WARN_UNUSED_FUNCTION = YES;
				GCC_WARN_UNUSED_VARIABLE = YES;
				IPHONEOS_DEPLOYMENT_TARGET = 9.3;
				MTL_ENABLE_DEBUG_INFO = YES;
				ONLY_ACTIVE_ARCH = YES;
				SDKROOT = iphoneos;
				SWIFT_OPTIMIZATION_LEVEL = "-Onone";
			};
			name = Debug;
		};
		657F55411CF3F25900799B80 /* Release */ = {
			isa = XCBuildConfiguration;
			buildSettings = {
				ALWAYS_SEARCH_USER_PATHS = NO;
				CLANG_ANALYZER_NONNULL = YES;
				CLANG_CXX_LANGUAGE_STANDARD = "gnu++0x";
				CLANG_CXX_LIBRARY = "libc++";
				CLANG_ENABLE_MODULES = YES;
				CLANG_ENABLE_OBJC_ARC = YES;
				CLANG_WARN_BOOL_CONVERSION = YES;
				CLANG_WARN_CONSTANT_CONVERSION = YES;
				CLANG_WARN_DIRECT_OBJC_ISA_USAGE = YES_ERROR;
				CLANG_WARN_EMPTY_BODY = YES;
				CLANG_WARN_ENUM_CONVERSION = YES;
				CLANG_WARN_INT_CONVERSION = YES;
				CLANG_WARN_OBJC_ROOT_CLASS = YES_ERROR;
				CLANG_WARN_UNREACHABLE_CODE = YES;
				CLANG_WARN__DUPLICATE_METHOD_MATCH = YES;
				"CODE_SIGN_IDENTITY[sdk=iphoneos*]" = "iPhone Developer";
				COPY_PHASE_STRIP = NO;
				DEBUG_INFORMATION_FORMAT = "dwarf-with-dsym";
				ENABLE_NS_ASSERTIONS = NO;
				ENABLE_STRICT_OBJC_MSGSEND = YES;
				GCC_C_LANGUAGE_STANDARD = gnu99;
				GCC_NO_COMMON_BLOCKS = YES;
				GCC_WARN_64_TO_32_BIT_CONVERSION = YES;
				GCC_WARN_ABOUT_RETURN_TYPE = YES_ERROR;
				GCC_WARN_UNDECLARED_SELECTOR = YES;
				GCC_WARN_UNINITIALIZED_AUTOS = YES_AGGRESSIVE;
				GCC_WARN_UNUSED_FUNCTION = YES;
				GCC_WARN_UNUSED_VARIABLE = YES;
				IPHONEOS_DEPLOYMENT_TARGET = 9.3;
				MTL_ENABLE_DEBUG_INFO = NO;
				SDKROOT = iphoneos;
				VALIDATE_PRODUCT = YES;
			};
			name = Release;
		};
		657F55431CF3F25900799B80 /* Debug */ = {
			isa = XCBuildConfiguration;
			buildSettings = {
				ASSETCATALOG_COMPILER_APPICON_NAME = AppIcon;
				INFOPLIST_FILE = "G Eazy Playlist/Info.plist";
				LD_RUNPATH_SEARCH_PATHS = "$(inherited) @executable_path/Frameworks";
				PRODUCT_BUNDLE_IDENTIFIER = "com.mamadoukaba.G-Eazy-Playlist";
				PRODUCT_NAME = "$(TARGET_NAME)";
			};
			name = Debug;
		};
		657F55441CF3F25900799B80 /* Release */ = {
			isa = XCBuildConfiguration;
			buildSettings = {
				ASSETCATALOG_COMPILER_APPICON_NAME = AppIcon;
				INFOPLIST_FILE = "G Eazy Playlist/Info.plist";
				LD_RUNPATH_SEARCH_PATHS = "$(inherited) @executable_path/Frameworks";
				PRODUCT_BUNDLE_IDENTIFIER = "com.mamadoukaba.G-Eazy-Playlist";
				PRODUCT_NAME = "$(TARGET_NAME)";
			};
			name = Release;
		};
/* End XCBuildConfiguration section */

/* Begin XCConfigurationList section */
		657F552B1CF3F25900799B80 /* Build configuration list for PBXProject "G Eazy Playlist" */ = {
			isa = XCConfigurationList;
			buildConfigurations = (
				657F55401CF3F25900799B80 /* Debug */,
				657F55411CF3F25900799B80 /* Release */,
			);
			defaultConfigurationIsVisible = 0;
			defaultConfigurationName = Release;
		};
		657F55421CF3F25900799B80 /* Build configuration list for PBXNativeTarget "G Eazy Playlist" */ = {
			isa = XCConfigurationList;
			buildConfigurations = (
				657F55431CF3F25900799B80 /* Debug */,
				657F55441CF3F25900799B80 /* Release */,
			);
			defaultConfigurationIsVisible = 0;
		};
/* End XCConfigurationList section */
	};
	rootObject = 657F55281CF3F25900799B80 /* Project object */;
}
